
Microsoft Visual Studio Solution File, Format Version 12.00
# Visual Studio Version 17
VisualStudioVersion = 17.7.34221.43
MinimumVisualStudioVersion = 10.0.40219.1
Project("{FAE04EC0-301F-11D3-BF4B-00C04F79EFBC}") = "Tarea", "Tarea\Tarea.csproj", "{039BE283-2EAD-46AA-8735-2C44EAE1E3FB}"
EndProject
Global
	GlobalSection(SolutionConfigurationPlatforms) = preSolution
		Debug|Any CPU = Debug|Any CPU
		Release|Any CPU = Release|Any CPU
	EndGlobalSection
	GlobalSection(ProjectConfigurationPlatforms) = postSolution
		{039BE283-2EAD-46AA-8735-2C44EAE1E3FB}.Debug|Any CPU.ActiveCfg = Debug|Any CPU
		{039BE283-2EAD-46AA-8735-2C44EAE1E3FB}.Debug|Any CPU.Build.0 = Debug|Any CPU
		{039BE283-2EAD-46AA-8735-2C44EAE1E3FB}.Release|Any CPU.ActiveCfg = Release|Any CPU
		{039BE283-2EAD-46AA-8735-2C44EAE1E3FB}.Release|Any CPU.Build.0 = Release|Any CPU
	EndGlobalSection
	GlobalSection(SolutionProperties) = preSolution
		HideSolutionNode = FALSE
	EndGlobalSection
	GlobalSection(ExtensibilityGlobals) = postSolution
		SolutionGuid = {69F9D638-CF09-4E16-BDC9-0DCEA6BB38AD}
	EndGlobalSection
EndGlobal
